
Microsoft Visual Studio Solution File, Format Version 12.00
# Visual Studio Version 16
VisualStudioVersion = 16.0.29709.97
MinimumVisualStudioVersion = 10.0.40219.1
Project("{9A19103F-16F7-4668-BE54-9A1E7A4F7556}") = "i2b2 csv loader", "i2b2 csv loader.csproj", "{3775AB8A-3475-4EB4-9D16-3949DF283AE9}"
EndProject
Global
	GlobalSection(SolutionConfigurationPlatforms) = preSolution
		Debug|Any CPU = Debug|Any CPU
		Release|Any CPU = Release|Any CPU
	EndGlobalSection
	GlobalSection(ProjectConfigurationPlatforms) = postSolution
		{3775AB8A-3475-4EB4-9D16-3949DF283AE9}.Debug|Any CPU.ActiveCfg = Debug|Any CPU
		{3775AB8A-3475-4EB4-9D16-3949DF283AE9}.Debug|Any CPU.Build.0 = Debug|Any CPU
		{3775AB8A-3475-4EB4-9D16-3949DF283AE9}.Release|Any CPU.ActiveCfg = Release|Any CPU
		{3775AB8A-3475-4EB4-9D16-3949DF283AE9}.Release|Any CPU.Build.0 = Release|Any CPU
	EndGlobalSection
	GlobalSection(SolutionProperties) = preSolution
		HideSolutionNode = FALSE
	EndGlobalSection
	GlobalSection(ExtensibilityGlobals) = postSolution
		SolutionGuid = {80B932CA-A0A2-4847-8B89-B6FDBBF11034}
	EndGlobalSection
EndGlobal
